
Microsoft Visual Studio Solution File, Format Version 12.00
#
VisualStudioVersion = 17.5.002.0
MinimumVisualStudioVersion = 
Project("{FAE04EC0-301F-11D3-BF4B-00C04F79EFBC}") = "API", "API\API.csproj", "{3506F1DB-615E-4F25-A825-37ADCE94B75E}"
EndProject
Project("{FAE04EC0-301F-11D3-BF4B-00C04F79EFBC}") = "AuthService", "AuthService\AuthService.csproj", "{3155A732-CAB4-4E54-97F1-993464E41F1D}"
EndProject
Project("{FAE04EC0-301F-11D3-BF4B-00C04F79EFBC}") = "FollowersService", "FollowersService\FollowersService.csproj", "{099EF74E-FE1E-4D15-A99C-E284C44A971B}"
EndProject
Project("{FAE04EC0-301F-11D3-BF4B-00C04F79EFBC}") = "LikeService", "LikeService\LikeService.csproj", "{DD4FC41C-B618-4627-9826-59199527C28F}"
EndProject
Project("{FAE04EC0-301F-11D3-BF4B-00C04F79EFBC}") = "NotificationService", "NotificationService\NotificationService.csproj", "{38159DC7-D687-4525-8ED3-E48CDEE38D30}"
EndProject
Project("{FAE04EC0-301F-11D3-BF4B-00C04F79EFBC}") = "PostService", "PostService\PostService.csproj", "{9519F44A-07BA-4874-9937-BD2E6608CF36}"
EndProject
Project("{FAE04EC0-301F-11D3-BF4B-00C04F79EFBC}") = "UserService", "UserService\UserService.csproj", "{4197C444-EA20-41C1-BE3C-F118CC95BD97}"
EndProject
Project("{2150E333-8FDC-42A3-9474-1A3956D46DE8}") = "root", "root", "{7CB78AF7-939B-4C1A-8E4A-148270774C3E}"
	ProjectSection(SolutionItems) = preProject
		docker-compose.yml = docker-compose.yml
	EndProjectSection
EndProject
Project("{FAE04EC0-301F-11D3-BF4B-00C04F79EFBC}") = "RabbitMQMessages", "RabbitMQMessages\RabbitMQMessages.csproj", "{A1C4328C-C223-43ED-80C0-4E541D149344}"
EndProject
Project("{FAE04EC0-301F-11D3-BF4B-00C04F79EFBC}") = "UserService.Tests", "UserService.Tests\UserService.Tests.csproj", "{924FE36D-1055-41FB-BA9B-9494121CF116}"
EndProject
Project("{FAE04EC0-301F-11D3-BF4B-00C04F79EFBC}") = "PostService.Tests", "PostService.Tests\PostService.Tests.csproj", "{A7E6E1DD-AD29-48EA-9F33-5BEAA99E98C1}"
EndProject
Global
	GlobalSection(SolutionConfigurationPlatforms) = preSolution
		Debug|Any CPU = Debug|Any CPU
		Release|Any CPU = Release|Any CPU
	EndGlobalSection
	GlobalSection(ProjectConfigurationPlatforms) = postSolution
		{3506F1DB-615E-4F25-A825-37ADCE94B75E}.Debug|Any CPU.ActiveCfg = Debug|Any CPU
		{3506F1DB-615E-4F25-A825-37ADCE94B75E}.Debug|Any CPU.Build.0 = Debug|Any CPU
		{3506F1DB-615E-4F25-A825-37ADCE94B75E}.Release|Any CPU.ActiveCfg = Release|Any CPU
		{3506F1DB-615E-4F25-A825-37ADCE94B75E}.Release|Any CPU.Build.0 = Release|Any CPU
		{3155A732-CAB4-4E54-97F1-993464E41F1D}.Debug|Any CPU.ActiveCfg = Debug|Any CPU
		{3155A732-CAB4-4E54-97F1-993464E41F1D}.Debug|Any CPU.Build.0 = Debug|Any CPU
		{3155A732-CAB4-4E54-97F1-993464E41F1D}.Release|Any CPU.ActiveCfg = Release|Any CPU
		{3155A732-CAB4-4E54-97F1-993464E41F1D}.Release|Any CPU.Build.0 = Release|Any CPU
		{099EF74E-FE1E-4D15-A99C-E284C44A971B}.Debug|Any CPU.ActiveCfg = Debug|Any CPU
		{099EF74E-FE1E-4D15-A99C-E284C44A971B}.Debug|Any CPU.Build.0 = Debug|Any CPU
		{099EF74E-FE1E-4D15-A99C-E284C44A971B}.Release|Any CPU.ActiveCfg = Release|Any CPU
		{099EF74E-FE1E-4D15-A99C-E284C44A971B}.Release|Any CPU.Build.0 = Release|Any CPU
		{DD4FC41C-B618-4627-9826-59199527C28F}.Debug|Any CPU.ActiveCfg = Debug|Any CPU
		{DD4FC41C-B618-4627-9826-59199527C28F}.Debug|Any CPU.Build.0 = Debug|Any CPU
		{DD4FC41C-B618-4627-9826-59199527C28F}.Release|Any CPU.ActiveCfg = Release|Any CPU
		{DD4FC41C-B618-4627-9826-59199527C28F}.Release|Any CPU.Build.0 = Release|Any CPU
		{38159DC7-D687-4525-8ED3-E48CDEE38D30}.Debug|Any CPU.ActiveCfg = Debug|Any CPU
		{38159DC7-D687-4525-8ED3-E48CDEE38D30}.Debug|Any CPU.Build.0 = Debug|Any CPU
		{38159DC7-D687-4525-8ED3-E48CDEE38D30}.Release|Any CPU.ActiveCfg = Release|Any CPU
		{38159DC7-D687-4525-8ED3-E48CDEE38D30}.Release|Any CPU.Build.0 = Release|Any CPU
		{9519F44A-07BA-4874-9937-BD2E6608CF36}.Debug|Any CPU.ActiveCfg = Debug|Any CPU
		{9519F44A-07BA-4874-9937-BD2E6608CF36}.Debug|Any CPU.Build.0 = Debug|Any CPU
		{9519F44A-07BA-4874-9937-BD2E6608CF36}.Release|Any CPU.ActiveCfg = Release|Any CPU
		{9519F44A-07BA-4874-9937-BD2E6608CF36}.Release|Any CPU.Build.0 = Release|Any CPU
		{4197C444-EA20-41C1-BE3C-F118CC95BD97}.Debug|Any CPU.ActiveCfg = Debug|Any CPU
		{4197C444-EA20-41C1-BE3C-F118CC95BD97}.Debug|Any CPU.Build.0 = Debug|Any CPU
		{4197C444-EA20-41C1-BE3C-F118CC95BD97}.Release|Any CPU.ActiveCfg = Release|Any CPU
		{4197C444-EA20-41C1-BE3C-F118CC95BD97}.Release|Any CPU.Build.0 = Release|Any CPU
		{A1C4328C-C223-43ED-80C0-4E541D149344}.Debug|Any CPU.ActiveCfg = Debug|Any CPU
		{A1C4328C-C223-43ED-80C0-4E541D149344}.Debug|Any CPU.Build.0 = Debug|Any CPU
		{A1C4328C-C223-43ED-80C0-4E541D149344}.Release|Any CPU.ActiveCfg = Release|Any CPU
		{A1C4328C-C223-43ED-80C0-4E541D149344}.Release|Any CPU.Build.0 = Release|Any CPU
		{924FE36D-1055-41FB-BA9B-9494121CF116}.Debug|Any CPU.ActiveCfg = Debug|Any CPU
		{924FE36D-1055-41FB-BA9B-9494121CF116}.Debug|Any CPU.Build.0 = Debug|Any CPU
		{924FE36D-1055-41FB-BA9B-9494121CF116}.Release|Any CPU.ActiveCfg = Release|Any CPU
		{924FE36D-1055-41FB-BA9B-9494121CF116}.Release|Any CPU.Build.0 = Release|Any CPU
		{A7E6E1DD-AD29-48EA-9F33-5BEAA99E98C1}.Debug|Any CPU.ActiveCfg = Debug|Any CPU
		{A7E6E1DD-AD29-48EA-9F33-5BEAA99E98C1}.Debug|Any CPU.Build.0 = Debug|Any CPU
		{A7E6E1DD-AD29-48EA-9F33-5BEAA99E98C1}.Release|Any CPU.ActiveCfg = Release|Any CPU
		{A7E6E1DD-AD29-48EA-9F33-5BEAA99E98C1}.Release|Any CPU.Build.0 = Release|Any CPU
	EndGlobalSection
	GlobalSection(SolutionProperties) = preSolution
		HideSolutionNode = FALSE
	EndGlobalSection
EndGlobal
